
Microsoft Visual Studio Solution File, Format Version 12.00
# Visual Studio Version 17
VisualStudioVersion = 17.7.34031.279
MinimumVisualStudioVersion = 10.0.40219.1
Project("{8BC9CEB8-8B4A-11D0-8D11-00A0C91BC942}") = "소스-과제(Chat GPT)2", "소스-과제(Chat GPT)2.vcxproj", "{246B82C4-B0BE-460F-A61E-3701F6D2D911}"
EndProject
Global
	GlobalSection(SolutionConfigurationPlatforms) = preSolution
		Debug|x64 = Debug|x64
		Debug|x86 = Debug|x86
		Release|x64 = Release|x64
		Release|x86 = Release|x86
	EndGlobalSection
	GlobalSection(ProjectConfigurationPlatforms) = postSolution
		{246B82C4-B0BE-460F-A61E-3701F6D2D911}.Debug|x64.ActiveCfg = Debug|x64
		{246B82C4-B0BE-460F-A61E-3701F6D2D911}.Debug|x64.Build.0 = Debug|x64
		{246B82C4-B0BE-460F-A61E-3701F6D2D911}.Debug|x86.ActiveCfg = Debug|Win32
		{246B82C4-B0BE-460F-A61E-3701F6D2D911}.Debug|x86.Build.0 = Debug|Win32
		{246B82C4-B0BE-460F-A61E-3701F6D2D911}.Release|x64.ActiveCfg = Release|x64
		{246B82C4-B0BE-460F-A61E-3701F6D2D911}.Release|x64.Build.0 = Release|x64
		{246B82C4-B0BE-460F-A61E-3701F6D2D911}.Release|x86.ActiveCfg = Release|Win32
		{246B82C4-B0BE-460F-A61E-3701F6D2D911}.Release|x86.Build.0 = Release|Win32
	EndGlobalSection
	GlobalSection(SolutionProperties) = preSolution
		HideSolutionNode = FALSE
	EndGlobalSection
	GlobalSection(ExtensibilityGlobals) = postSolution
		SolutionGuid = {C3DDAB6B-946F-485D-8D7D-C08023B1331D}
	EndGlobalSection
EndGlobal
