
Microsoft Visual Studio Solution File, Format Version 12.00
# Visual Studio Version 17
VisualStudioVersion = 17.7.34031.279
MinimumVisualStudioVersion = 10.0.40219.1
Project("{8BC9CEB8-8B4A-11D0-8D11-00A0C91BC942}") = "소스-과제2", "소스-과제2.vcxproj", "{262D0ABA-C825-4F0D-BCF5-E32BC59D1274}"
EndProject
Global
	GlobalSection(SolutionConfigurationPlatforms) = preSolution
		Debug|x64 = Debug|x64
		Debug|x86 = Debug|x86
		Release|x64 = Release|x64
		Release|x86 = Release|x86
	EndGlobalSection
	GlobalSection(ProjectConfigurationPlatforms) = postSolution
		{262D0ABA-C825-4F0D-BCF5-E32BC59D1274}.Debug|x64.ActiveCfg = Debug|x64
		{262D0ABA-C825-4F0D-BCF5-E32BC59D1274}.Debug|x64.Build.0 = Debug|x64
		{262D0ABA-C825-4F0D-BCF5-E32BC59D1274}.Debug|x86.ActiveCfg = Debug|Win32
		{262D0ABA-C825-4F0D-BCF5-E32BC59D1274}.Debug|x86.Build.0 = Debug|Win32
		{262D0ABA-C825-4F0D-BCF5-E32BC59D1274}.Release|x64.ActiveCfg = Release|x64
		{262D0ABA-C825-4F0D-BCF5-E32BC59D1274}.Release|x64.Build.0 = Release|x64
		{262D0ABA-C825-4F0D-BCF5-E32BC59D1274}.Release|x86.ActiveCfg = Release|Win32
		{262D0ABA-C825-4F0D-BCF5-E32BC59D1274}.Release|x86.Build.0 = Release|Win32
	EndGlobalSection
	GlobalSection(SolutionProperties) = preSolution
		HideSolutionNode = FALSE
	EndGlobalSection
	GlobalSection(ExtensibilityGlobals) = postSolution
		SolutionGuid = {B7202FDB-12A9-469C-A021-7BA41DE0D9C5}
	EndGlobalSection
EndGlobal
